
Microsoft Visual Studio Solution File, Format Version 12.00
# Visual Studio 15
VisualStudioVersion = 15.0.27703.2035
MinimumVisualStudioVersion = 10.0.40219.1
Project("{FAE04EC0-301F-11D3-BF4B-00C04F79EFBC}") = "WebApplication26", "WebApplication26\WebApplication26.csproj", "{B8D6C3DD-F493-439B-9FDA-B34E797D15E6}"
	ProjectSection(ProjectDependencies) = postProject
		{FC0487FA-DCA9-4169-BE7E-C8D42E144CCD} = {FC0487FA-DCA9-4169-BE7E-C8D42E144CCD}
	EndProjectSection
EndProject
Project("{FAE04EC0-301F-11D3-BF4B-00C04F79EFBC}") = "WebApplication1", "WebApplication1\WebApplication1.csproj", "{FC0487FA-DCA9-4169-BE7E-C8D42E144CCD}"
EndProject
Global
	GlobalSection(SolutionConfigurationPlatforms) = preSolution
		Debug|Any CPU = Debug|Any CPU
		Release|Any CPU = Release|Any CPU
	EndGlobalSection
	GlobalSection(ProjectConfigurationPlatforms) = postSolution
		{B8D6C3DD-F493-439B-9FDA-B34E797D15E6}.Debug|Any CPU.ActiveCfg = Debug|Any CPU
		{B8D6C3DD-F493-439B-9FDA-B34E797D15E6}.Debug|Any CPU.Build.0 = Debug|Any CPU
		{B8D6C3DD-F493-439B-9FDA-B34E797D15E6}.Release|Any CPU.ActiveCfg = Release|Any CPU
		{B8D6C3DD-F493-439B-9FDA-B34E797D15E6}.Release|Any CPU.Build.0 = Release|Any CPU
		{FC0487FA-DCA9-4169-BE7E-C8D42E144CCD}.Debug|Any CPU.ActiveCfg = Debug|Any CPU
		{FC0487FA-DCA9-4169-BE7E-C8D42E144CCD}.Debug|Any CPU.Build.0 = Debug|Any CPU
		{FC0487FA-DCA9-4169-BE7E-C8D42E144CCD}.Release|Any CPU.ActiveCfg = Release|Any CPU
		{FC0487FA-DCA9-4169-BE7E-C8D42E144CCD}.Release|Any CPU.Build.0 = Release|Any CPU
	EndGlobalSection
	GlobalSection(SolutionProperties) = preSolution
		HideSolutionNode = FALSE
	EndGlobalSection
	GlobalSection(ExtensibilityGlobals) = postSolution
		SolutionGuid = {CBC47E81-A5D5-4552-9F9C-C82EFB64B269}
	EndGlobalSection
EndGlobal
